
Microsoft Visual Studio Solution File, Format Version 12.00
# Visual Studio Version 17
VisualStudioVersion = 17.8.34322.80
MinimumVisualStudioVersion = 10.0.40219.1
Project("{9A19103F-16F7-4668-BE54-9A1E7A4F7556}") = "CinemaApp.Web", "CinemaApp.Web\CinemaApp.Web.csproj", "{8BFD8029-A911-4E2B-9008-3662752EAFE7}"
EndProject
Project("{9A19103F-16F7-4668-BE54-9A1E7A4F7556}") = "CinemaApp.Web.ViewModels", "CinemaApp.Web.ViewModels\CinemaApp.Web.ViewModels.csproj", "{B5FF7F59-68A3-4722-825F-08299104C3CC}"
EndProject
Project("{9A19103F-16F7-4668-BE54-9A1E7A4F7556}") = "CinemaApp.Common", "CinemaApp.Common\CinemaApp.Common.csproj", "{8FFD7921-951D-4C23-BA37-9A779331C02A}"
EndProject
Project("{9A19103F-16F7-4668-BE54-9A1E7A4F7556}") = "CinemaApp.Data.Models", "CinemaApp.Data.Models\CinemaApp.Data.Models.csproj", "{A55993F0-5BA0-40FF-B5F9-3DE807268427}"
EndProject
Project("{2150E333-8FDC-42A3-9474-1A3956D46DE8}") = "Web", "Web", "{4E3451D6-6493-4E1E-B8C0-BAB46D7DB72A}"
EndProject
Project("{2150E333-8FDC-42A3-9474-1A3956D46DE8}") = "Data", "Data", "{DED1AE48-1359-4C9F-B741-9F9BAB7D08A2}"
EndProject
Project("{9A19103F-16F7-4668-BE54-9A1E7A4F7556}") = "CinemaApp.Data", "CinemaApp.Data\CinemaApp.Data.csproj", "{F2F94E49-682D-4BBB-BD12-888CB7D54F99}"
EndProject
Project("{9A19103F-16F7-4668-BE54-9A1E7A4F7556}") = "CinemaApp.Web.Infrastructure", "CinemaApp.Web.Infrastructure\CinemaApp.Web.Infrastructure.csproj", "{82425094-A83B-4B8A-8522-E25F3F1F61ED}"
EndProject
Project("{2150E333-8FDC-42A3-9474-1A3956D46DE8}") = "Services", "Services", "{8E6374A2-7EE6-4405-A1AE-EA074792207C}"
EndProject
Project("{9A19103F-16F7-4668-BE54-9A1E7A4F7556}") = "CinemaApp.Services.Data", "CinemaApp.Services.Data\CinemaApp.Services.Data.csproj", "{A652D74B-C264-4E7B-8263-6A594B3C02BF}"
EndProject
Project("{9A19103F-16F7-4668-BE54-9A1E7A4F7556}") = "CinemaApp.Services.Mapping", "CinemaApp.Services.Mapping\CinemaApp.Services.Mapping.csproj", "{735FAAE8-D000-45A6-81AB-1A323A90537B}"
EndProject
Project("{FAE04EC0-301F-11D3-BF4B-00C04F79EFBC}") = "CinemaApp.WebApi", "CinemaApp.WebApi\CinemaApp.WebApi.csproj", "{7C265632-9F60-40C1-8470-81378EF76CDD}"
EndProject
Global
	GlobalSection(SolutionConfigurationPlatforms) = preSolution
		Debug|Any CPU = Debug|Any CPU
		Release|Any CPU = Release|Any CPU
	EndGlobalSection
	GlobalSection(ProjectConfigurationPlatforms) = postSolution
		{8BFD8029-A911-4E2B-9008-3662752EAFE7}.Debug|Any CPU.ActiveCfg = Debug|Any CPU
		{8BFD8029-A911-4E2B-9008-3662752EAFE7}.Debug|Any CPU.Build.0 = Debug|Any CPU
		{8BFD8029-A911-4E2B-9008-3662752EAFE7}.Release|Any CPU.ActiveCfg = Release|Any CPU
		{8BFD8029-A911-4E2B-9008-3662752EAFE7}.Release|Any CPU.Build.0 = Release|Any CPU
		{B5FF7F59-68A3-4722-825F-08299104C3CC}.Debug|Any CPU.ActiveCfg = Debug|Any CPU
		{B5FF7F59-68A3-4722-825F-08299104C3CC}.Debug|Any CPU.Build.0 = Debug|Any CPU
		{B5FF7F59-68A3-4722-825F-08299104C3CC}.Release|Any CPU.ActiveCfg = Release|Any CPU
		{B5FF7F59-68A3-4722-825F-08299104C3CC}.Release|Any CPU.Build.0 = Release|Any CPU
		{8FFD7921-951D-4C23-BA37-9A779331C02A}.Debug|Any CPU.ActiveCfg = Debug|Any CPU
		{8FFD7921-951D-4C23-BA37-9A779331C02A}.Debug|Any CPU.Build.0 = Debug|Any CPU
		{8FFD7921-951D-4C23-BA37-9A779331C02A}.Release|Any CPU.ActiveCfg = Release|Any CPU
		{8FFD7921-951D-4C23-BA37-9A779331C02A}.Release|Any CPU.Build.0 = Release|Any CPU
		{A55993F0-5BA0-40FF-B5F9-3DE807268427}.Debug|Any CPU.ActiveCfg = Debug|Any CPU
		{A55993F0-5BA0-40FF-B5F9-3DE807268427}.Debug|Any CPU.Build.0 = Debug|Any CPU
		{A55993F0-5BA0-40FF-B5F9-3DE807268427}.Release|Any CPU.ActiveCfg = Release|Any CPU
		{A55993F0-5BA0-40FF-B5F9-3DE807268427}.Release|Any CPU.Build.0 = Release|Any CPU
		{F2F94E49-682D-4BBB-BD12-888CB7D54F99}.Debug|Any CPU.ActiveCfg = Debug|Any CPU
		{F2F94E49-682D-4BBB-BD12-888CB7D54F99}.Debug|Any CPU.Build.0 = Debug|Any CPU
		{F2F94E49-682D-4BBB-BD12-888CB7D54F99}.Release|Any CPU.ActiveCfg = Release|Any CPU
		{F2F94E49-682D-4BBB-BD12-888CB7D54F99}.Release|Any CPU.Build.0 = Release|Any CPU
		{82425094-A83B-4B8A-8522-E25F3F1F61ED}.Debug|Any CPU.ActiveCfg = Debug|Any CPU
		{82425094-A83B-4B8A-8522-E25F3F1F61ED}.Debug|Any CPU.Build.0 = Debug|Any CPU
		{82425094-A83B-4B8A-8522-E25F3F1F61ED}.Release|Any CPU.ActiveCfg = Release|Any CPU
		{82425094-A83B-4B8A-8522-E25F3F1F61ED}.Release|Any CPU.Build.0 = Release|Any CPU
		{A652D74B-C264-4E7B-8263-6A594B3C02BF}.Debug|Any CPU.ActiveCfg = Debug|Any CPU
		{A652D74B-C264-4E7B-8263-6A594B3C02BF}.Debug|Any CPU.Build.0 = Debug|Any CPU
		{A652D74B-C264-4E7B-8263-6A594B3C02BF}.Release|Any CPU.ActiveCfg = Release|Any CPU
		{A652D74B-C264-4E7B-8263-6A594B3C02BF}.Release|Any CPU.Build.0 = Release|Any CPU
		{735FAAE8-D000-45A6-81AB-1A323A90537B}.Debug|Any CPU.ActiveCfg = Debug|Any CPU
		{735FAAE8-D000-45A6-81AB-1A323A90537B}.Debug|Any CPU.Build.0 = Debug|Any CPU
		{735FAAE8-D000-45A6-81AB-1A323A90537B}.Release|Any CPU.ActiveCfg = Release|Any CPU
		{735FAAE8-D000-45A6-81AB-1A323A90537B}.Release|Any CPU.Build.0 = Release|Any CPU
		{7C265632-9F60-40C1-8470-81378EF76CDD}.Debug|Any CPU.ActiveCfg = Debug|Any CPU
		{7C265632-9F60-40C1-8470-81378EF76CDD}.Debug|Any CPU.Build.0 = Debug|Any CPU
		{7C265632-9F60-40C1-8470-81378EF76CDD}.Release|Any CPU.ActiveCfg = Release|Any CPU
		{7C265632-9F60-40C1-8470-81378EF76CDD}.Release|Any CPU.Build.0 = Release|Any CPU
	EndGlobalSection
	GlobalSection(SolutionProperties) = preSolution
		HideSolutionNode = FALSE
	EndGlobalSection
	GlobalSection(NestedProjects) = preSolution
		{8BFD8029-A911-4E2B-9008-3662752EAFE7} = {4E3451D6-6493-4E1E-B8C0-BAB46D7DB72A}
		{B5FF7F59-68A3-4722-825F-08299104C3CC} = {4E3451D6-6493-4E1E-B8C0-BAB46D7DB72A}
		{A55993F0-5BA0-40FF-B5F9-3DE807268427} = {DED1AE48-1359-4C9F-B741-9F9BAB7D08A2}
		{F2F94E49-682D-4BBB-BD12-888CB7D54F99} = {DED1AE48-1359-4C9F-B741-9F9BAB7D08A2}
		{82425094-A83B-4B8A-8522-E25F3F1F61ED} = {4E3451D6-6493-4E1E-B8C0-BAB46D7DB72A}
		{A652D74B-C264-4E7B-8263-6A594B3C02BF} = {8E6374A2-7EE6-4405-A1AE-EA074792207C}
		{735FAAE8-D000-45A6-81AB-1A323A90537B} = {8E6374A2-7EE6-4405-A1AE-EA074792207C}
	EndGlobalSection
	GlobalSection(ExtensibilityGlobals) = postSolution
		SolutionGuid = {BCFE0240-CD16-4C86-891D-0AB1A422DDA3}
	EndGlobalSection
EndGlobal
