
Microsoft Visual Studio Solution File, Format Version 12.00
# Visual Studio Version 17
VisualStudioVersion = 17.8.34322.80
MinimumVisualStudioVersion = 10.0.40219.1
Project("{FAE04EC0-301F-11D3-BF4B-00C04F79EFBC}") = "ForumApp.Web", "ForumApp.Web\ForumApp.Web.csproj", "{BBB92AF4-9075-4740-9FC1-0664FA2CD504}"
EndProject
Project("{FAE04EC0-301F-11D3-BF4B-00C04F79EFBC}") = "ForumApp.Infrastructure", "ForumApp.Data\ForumApp.Infrastructure.csproj", "{9CFFD865-07BE-4674-90CA-071E6E2ADF73}"
EndProject
Project("{FAE04EC0-301F-11D3-BF4B-00C04F79EFBC}") = "ForumApp.Core", "ForumApp.Core\ForumApp.Core.csproj", "{30156968-9AB3-41AC-9D10-93DB84013B73}"
EndProject
Global
	GlobalSection(SolutionConfigurationPlatforms) = preSolution
		Debug|Any CPU = Debug|Any CPU
		Release|Any CPU = Release|Any CPU
	EndGlobalSection
	GlobalSection(ProjectConfigurationPlatforms) = postSolution
		{BBB92AF4-9075-4740-9FC1-0664FA2CD504}.Debug|Any CPU.ActiveCfg = Debug|Any CPU
		{BBB92AF4-9075-4740-9FC1-0664FA2CD504}.Debug|Any CPU.Build.0 = Debug|Any CPU
		{BBB92AF4-9075-4740-9FC1-0664FA2CD504}.Release|Any CPU.ActiveCfg = Release|Any CPU
		{BBB92AF4-9075-4740-9FC1-0664FA2CD504}.Release|Any CPU.Build.0 = Release|Any CPU
		{9CFFD865-07BE-4674-90CA-071E6E2ADF73}.Debug|Any CPU.ActiveCfg = Debug|Any CPU
		{9CFFD865-07BE-4674-90CA-071E6E2ADF73}.Debug|Any CPU.Build.0 = Debug|Any CPU
		{9CFFD865-07BE-4674-90CA-071E6E2ADF73}.Release|Any CPU.ActiveCfg = Release|Any CPU
		{9CFFD865-07BE-4674-90CA-071E6E2ADF73}.Release|Any CPU.Build.0 = Release|Any CPU
		{30156968-9AB3-41AC-9D10-93DB84013B73}.Debug|Any CPU.ActiveCfg = Debug|Any CPU
		{30156968-9AB3-41AC-9D10-93DB84013B73}.Debug|Any CPU.Build.0 = Debug|Any CPU
		{30156968-9AB3-41AC-9D10-93DB84013B73}.Release|Any CPU.ActiveCfg = Release|Any CPU
		{30156968-9AB3-41AC-9D10-93DB84013B73}.Release|Any CPU.Build.0 = Release|Any CPU
	EndGlobalSection
	GlobalSection(SolutionProperties) = preSolution
		HideSolutionNode = FALSE
	EndGlobalSection
	GlobalSection(ExtensibilityGlobals) = postSolution
		SolutionGuid = {3A83980B-9E98-416B-8FA8-928D8CAF6721}
	EndGlobalSection
EndGlobal
